
Microsoft Visual Studio Solution File, Format Version 12.00
# Visual Studio Version 16
VisualStudioVersion = 16.0.32901.82
MinimumVisualStudioVersion = 10.0.40219.1
Project("{FAE04EC0-301F-11D3-BF4B-00C04F79EFBC}") = "kafe", "kafe.csproj", "{FE87CAB4-4C30-4E79-8856-DB51D706D67E}"
EndProject
Global
	GlobalSection(SolutionConfigurationPlatforms) = preSolution
		Debug|Any CPU = Debug|Any CPU
		Release|Any CPU = Release|Any CPU
	EndGlobalSection
	GlobalSection(ProjectConfigurationPlatforms) = postSolution
		{FE87CAB4-4C30-4E79-8856-DB51D706D67E}.Debug|Any CPU.ActiveCfg = Debug|Any CPU
		{FE87CAB4-4C30-4E79-8856-DB51D706D67E}.Debug|Any CPU.Build.0 = Debug|Any CPU
		{FE87CAB4-4C30-4E79-8856-DB51D706D67E}.Release|Any CPU.ActiveCfg = Release|Any CPU
		{FE87CAB4-4C30-4E79-8856-DB51D706D67E}.Release|Any CPU.Build.0 = Release|Any CPU
	EndGlobalSection
	GlobalSection(SolutionProperties) = preSolution
		HideSolutionNode = FALSE
	EndGlobalSection
	GlobalSection(ExtensibilityGlobals) = postSolution
		SolutionGuid = {21FFC0A4-E523-4766-BF17-F385CE25B3DF}
	EndGlobalSection
EndGlobal
